
Microsoft Visual Studio Solution File, Format Version 12.00
# Visual Studio Version 16
VisualStudioVersion = 16.0.30204.135
MinimumVisualStudioVersion = 10.0.40219.1
Project("{FAE04EC0-301F-11D3-BF4B-00C04F79EFBC}") = "DynamicallyLoadingContentWithJquery Ajax_ASPNETMVC", "DynamicallyLoadingContentWithJquery Ajax_ASPNETMVC\DynamicallyLoadingContentWithJquery Ajax_ASPNETMVC.csproj", "{B19E1411-4BD9-4B6B-AABC-AD136796BF99}"
EndProject
Global
	GlobalSection(SolutionConfigurationPlatforms) = preSolution
		Debug|Any CPU = Debug|Any CPU
		Release|Any CPU = Release|Any CPU
	EndGlobalSection
	GlobalSection(ProjectConfigurationPlatforms) = postSolution
		{B19E1411-4BD9-4B6B-AABC-AD136796BF99}.Debug|Any CPU.ActiveCfg = Debug|Any CPU
		{B19E1411-4BD9-4B6B-AABC-AD136796BF99}.Debug|Any CPU.Build.0 = Debug|Any CPU
		{B19E1411-4BD9-4B6B-AABC-AD136796BF99}.Release|Any CPU.ActiveCfg = Release|Any CPU
		{B19E1411-4BD9-4B6B-AABC-AD136796BF99}.Release|Any CPU.Build.0 = Release|Any CPU
	EndGlobalSection
	GlobalSection(SolutionProperties) = preSolution
		HideSolutionNode = FALSE
	EndGlobalSection
	GlobalSection(ExtensibilityGlobals) = postSolution
		SolutionGuid = {96F29A3B-8BEE-4EA5-B95D-A912A5579480}
	EndGlobalSection
EndGlobal
